
Microsoft Visual Studio Solution File, Format Version 12.00
# Visual Studio Version 17
VisualStudioVersion = 17.1.32421.90
MinimumVisualStudioVersion = 10.0.40219.1
Project("{FAE04EC0-301F-11D3-BF4B-00C04F79EFBC}") = "CSharpPractice", "CSharpPractice\CSharpPractice.csproj", "{946EDA92-145F-4BD4-B073-CFA136AFF95E}"
EndProject
Global
	GlobalSection(SolutionConfigurationPlatforms) = preSolution
		Debug|Any CPU = Debug|Any CPU
		Release|Any CPU = Release|Any CPU
	EndGlobalSection
	GlobalSection(ProjectConfigurationPlatforms) = postSolution
		{946EDA92-145F-4BD4-B073-CFA136AFF95E}.Debug|Any CPU.ActiveCfg = Debug|Any CPU
		{946EDA92-145F-4BD4-B073-CFA136AFF95E}.Debug|Any CPU.Build.0 = Debug|Any CPU
		{946EDA92-145F-4BD4-B073-CFA136AFF95E}.Release|Any CPU.ActiveCfg = Release|Any CPU
		{946EDA92-145F-4BD4-B073-CFA136AFF95E}.Release|Any CPU.Build.0 = Release|Any CPU
	EndGlobalSection
	GlobalSection(SolutionProperties) = preSolution
		HideSolutionNode = FALSE
	EndGlobalSection
	GlobalSection(ExtensibilityGlobals) = postSolution
		SolutionGuid = {FCA5BB64-34E3-4EAF-8744-DA2A2D02AFA2}
	EndGlobalSection
EndGlobal
